
Microsoft Visual Studio Solution File, Format Version 12.00
# Visual Studio Version 17
VisualStudioVersion = 17.2.32616.157
MinimumVisualStudioVersion = 10.0.40219.1
Project("{9A19103F-16F7-4668-BE54-9A1E7A4F7556}") = "SIRP", "SIRP.csproj", "{C5CCF4E4-AD2A-45DA-9301-356A52AAE4CA}"
EndProject
Global
	GlobalSection(SolutionConfigurationPlatforms) = preSolution
		Debug|Any CPU = Debug|Any CPU
		Release|Any CPU = Release|Any CPU
	EndGlobalSection
	GlobalSection(ProjectConfigurationPlatforms) = postSolution
		{C5CCF4E4-AD2A-45DA-9301-356A52AAE4CA}.Debug|Any CPU.ActiveCfg = Debug|Any CPU
		{C5CCF4E4-AD2A-45DA-9301-356A52AAE4CA}.Debug|Any CPU.Build.0 = Debug|Any CPU
		{C5CCF4E4-AD2A-45DA-9301-356A52AAE4CA}.Release|Any CPU.ActiveCfg = Release|Any CPU
		{C5CCF4E4-AD2A-45DA-9301-356A52AAE4CA}.Release|Any CPU.Build.0 = Release|Any CPU
	EndGlobalSection
	GlobalSection(SolutionProperties) = preSolution
		HideSolutionNode = FALSE
	EndGlobalSection
	GlobalSection(ExtensibilityGlobals) = postSolution
		SolutionGuid = {BE12328E-3BCD-4D0D-9C5E-03826357B624}
	EndGlobalSection
EndGlobal
